{
    "_meta": {
        "hash": {
            "sha256": "2bc2d40264aa667adde6657c045b686a30262676ef3e0423644a2a3c4de1bfdf"
        },
        "host-environment-markers": {
            "implementation_name": "cpython",
            "implementation_version": "3.6.6",
            "os_name": "posix",
            "platform_machine": "x86_64",
            "platform_python_implementation": "CPython",
            "platform_release": "4.10.0-37-generic",
            "platform_system": "Linux",
            "platform_version": "#41~16.04.1-Ubuntu SMP Fri Oct 6 22:42:59 UTC 2017",
            "python_full_version": "3.6.6",
            "python_version": "3.6",
            "sys_platform": "linux"
        },
        "pipfile-spec": 6,
        "requires": {
            "python_version": "3.6"
        },
        "sources": [
            {
                "name": "pypi",
                "url": "https://pypi.org/simple",
                "verify_ssl": true
            }
        ]
    },
    "default": {
        "nose": {
            "hashes": [],
            "version": "==1.3.7"
        },
        "numpy": {
            "hashes": [],
            "version": "==1.15.2"
        }
    },
    "develop": {}
}
